
Microsoft Visual Studio Solution File, Format Version 11.00
# Visual Studio 2010
Project("{FAE04EC0-301F-11D3-BF4B-00C04F79EFBC}") = "FontFish", "FontFish\FontFish.csproj", "{EDDB4420-FA79-463A-8752-6DAAD1214666}"
EndProject
Global
	GlobalSection(SolutionConfigurationPlatforms) = preSolution
		Debug|x86 = Debug|x86
		Release|x86 = Release|x86
	EndGlobalSection
	GlobalSection(ProjectConfigurationPlatforms) = postSolution
		{EDDB4420-FA79-463A-8752-6DAAD1214666}.Debug|x86.ActiveCfg = Debug|x86
		{EDDB4420-FA79-463A-8752-6DAAD1214666}.Debug|x86.Build.0 = Debug|x86
		{EDDB4420-FA79-463A-8752-6DAAD1214666}.Release|x86.ActiveCfg = Release|x86
		{EDDB4420-FA79-463A-8752-6DAAD1214666}.Release|x86.Build.0 = Release|x86
	EndGlobalSection
	GlobalSection(SolutionProperties) = preSolution
		HideSolutionNode = FALSE
	EndGlobalSection
EndGlobal
